// !$*UTF8*$!
{
	archiveVersion = 1;
	classes = {
	};
	objectVersion = 46;
	objects = {

/* Begin PBXBuildFile section */
		BFAF037B1DB0CB0200281517 /* LFFStringarr.m in Sources */ = {isa = PBXBuildFile; fileRef = BFAF03791DB0CB0200281517 /* LFFStringarr.m */; };
		BFAF037D1DB0CB3E00281517 /* LFFStringarr.h in Headers */ = {isa = PBXBuildFile; fileRef = BFAF03781DB0CB0200281517 /* LFFStringarr.h */; };
/* End PBXBuildFile section */

/* Begin PBXCopyFilesBuildPhase section */
		BFAF03691DB0CAA100281517 /* CopyFiles */ = {
			isa = PBXCopyFilesBuildPhase;
			buildActionMask = 2147483647;
			dstPath = "include/$(PRODUCT_NAME)";
			dstSubfolderSpec = 16;
			files = (
			);
			runOnlyForDeploymentPostprocessing = 0;
		};
/* End PBXCopyFilesBuildPhase section */

/* Begin PBXFileReference section */
		BFAF036B1DB0CAA100281517 /* libLFFJFCompenyInfo.a */ = {isa = PBXFileReference; explicitFileType = archive.ar; includeInIndex = 0; path = libLFFJFCompenyInfo.a; sourceTree = BUILT_PRODUCTS_DIR; };
		BFAF03781DB0CB0200281517 /* LFFStringarr.h */ = {isa = PBXFileReference; fileEncoding = 4; lastKnownFileType = sourcecode.c.h; path = LFFStringarr.h; sourceTree = "<group>"; };
		BFAF03791DB0CB0200281517 /* LFFStringarr.m */ = {isa = PBXFileReference; fileEncoding = 4; lastKnownFileType = sourcecode.c.objc; path = LFFStringarr.m; sourceTree = "<group>"; };
		BFAF037A1DB0CB0200281517 /* 捷丰商户.txt */ = {isa = PBXFileReference; fileEncoding = 4; lastKnownFileType = text; path = "捷丰商户.txt"; sourceTree = "<group>"; };
/* End PBXFileReference section */

/* Begin PBXFrameworksBuildPhase section */
		BFAF03681DB0CAA100281517 /* Frameworks */ = {
			isa = PBXFrameworksBuildPhase;
			buildActionMask = 2147483647;
			files = (
			);
			runOnlyForDeploymentPostprocessing = 0;
		};
/* End PBXFrameworksBuildPhase section */

/* Begin PBXGroup section */
		BFAF03621DB0CAA100281517 = {
			isa = PBXGroup;
			children = (
				BFAF036D1DB0CAA100281517 /* LFFJFCompenyInfo */,
				BFAF036C1DB0CAA100281517 /* Products */,
			);
			sourceTree = "<group>";
		};
		BFAF036C1DB0CAA100281517 /* Products */ = {
			isa = PBXGroup;
			children = (
				BFAF036B1DB0CAA100281517 /* libLFFJFCompenyInfo.a */,
			);
			name = Products;
			sourceTree = "<group>";
		};
		BFAF036D1DB0CAA100281517 /* LFFJFCompenyInfo */ = {
			isa = PBXGroup;
			children = (
				BFAF03771DB0CB0200281517 /* LFFJFCString */,
			);
			path = LFFJFCompenyInfo;
			sourceTree = "<group>";
		};
		BFAF03771DB0CB0200281517 /* LFFJFCString */ = {
			isa = PBXGroup;
			children = (
				BFAF03781DB0CB0200281517 /* LFFStringarr.h */,
				BFAF03791DB0CB0200281517 /* LFFStringarr.m */,
				BFAF037A1DB0CB0200281517 /* 捷丰商户.txt */,
			);
			path = LFFJFCString;
			sourceTree = "<group>";
		};
/* End PBXGroup section */

/* Begin PBXHeadersBuildPhase section */
		BFAF037C1DB0CB3500281517 /* Headers */ = {
			isa = PBXHeadersBuildPhase;
			buildActionMask = 2147483647;
			files = (
				BFAF037D1DB0CB3E00281517 /* LFFStringarr.h in Headers */,
			);
			runOnlyForDeploymentPostprocessing = 0;
		};
/* End PBXHeadersBuildPhase section */

/* Begin PBXNativeTarget section */
		BFAF036A1DB0CAA100281517 /* LFFJFCompenyInfo */ = {
			isa = PBXNativeTarget;
			buildConfigurationList = BFAF03741DB0CAA100281517 /* Build configuration list for PBXNativeTarget "LFFJFCompenyInfo" */;
			buildPhases = (
				BFAF03671DB0CAA100281517 /* Sources */,
				BFAF03681DB0CAA100281517 /* Frameworks */,
				BFAF03691DB0CAA100281517 /* CopyFiles */,
				BFAF037C1DB0CB3500281517 /* Headers */,
			);
			buildRules = (
			);
			dependencies = (
			);
			name = LFFJFCompenyInfo;
			productName = LFFJFCompenyInfo;
			productReference = BFAF036B1DB0CAA100281517 /* libLFFJFCompenyInfo.a */;
			productType = "com.apple.product-type.library.static";
		};
/* End PBXNativeTarget section */

/* Begin PBXProject section */
		BFAF03631DB0CAA100281517 /* Project object */ = {
			isa = PBXProject;
			attributes = {
				LastUpgradeCheck = 0800;
				ORGANIZATIONNAME = Lff;
				TargetAttributes = {
					BFAF036A1DB0CAA100281517 = {
						CreatedOnToolsVersion = 8.0;
						DevelopmentTeam = YS27375FC6;
						ProvisioningStyle = Automatic;
					};
				};
			};
			buildConfigurationList = BFAF03661DB0CAA100281517 /* Build configuration list for PBXProject "LFFJFCompenyInfo" */;
			compatibilityVersion = "Xcode 3.2";
			developmentRegion = English;
			hasScannedForEncodings = 0;
			knownRegions = (
				en,
			);
			mainGroup = BFAF03621DB0CAA100281517;
			productRefGroup = BFAF036C1DB0CAA100281517 /* Products */;
			projectDirPath = "";
			projectRoot = "";
			targets = (
				BFAF036A1DB0CAA100281517 /* LFFJFCompenyInfo */,
			);
		};
/* End PBXProject section */

/* Begin PBXSourcesBuildPhase section */
		BFAF03671DB0CAA100281517 /* Sources */ = {
			isa = PBXSourcesBuildPhase;
			buildActionMask = 2147483647;
			files = (
				BFAF037B1DB0CB0200281517 /* LFFStringarr.m in Sources */,
			);
			runOnlyForDeploymentPostprocessing = 0;
		};
/* End PBXSourcesBuildPhase section */

/* Begin XCBuildConfiguration section */
		BFAF03721DB0CAA100281517 /* Debug */ = {
			isa = XCBuildConfiguration;
			buildSettings = {
				ALWAYS_SEARCH_USER_PATHS = NO;
				CLANG_ANALYZER_NONNULL = YES;
				CLANG_CXX_LANGUAGE_STANDARD = "gnu++0x";
				CLANG_CXX_LIBRARY = "libc++";
				CLANG_ENABLE_MODULES = YES;
				CLANG_ENABLE_OBJC_ARC = YES;
				CLANG_WARN_BOOL_CONVERSION = YES;
				CLANG_WARN_CONSTANT_CONVERSION = YES;
				CLANG_WARN_DIRECT_OBJC_ISA_USAGE = YES_ERROR;
				CLANG_WARN_DOCUMENTATION_COMMENTS = YES;
				CLANG_WARN_EMPTY_BODY = YES;
				CLANG_WARN_ENUM_CONVERSION = YES;
				CLANG_WARN_INFINITE_RECURSION = YES;
				CLANG_WARN_INT_CONVERSION = YES;
				CLANG_WARN_OBJC_ROOT_CLASS = YES_ERROR;
				CLANG_WARN_SUSPICIOUS_MOVES = YES;
				CLANG_WARN_UNREACHABLE_CODE = YES;
				CLANG_WARN__DUPLICATE_METHOD_MATCH = YES;
				"CODE_SIGN_IDENTITY[sdk=iphoneos*]" = "iPhone Developer";
				COPY_PHASE_STRIP = NO;
				DEBUG_INFORMATION_FORMAT = dwarf;
				ENABLE_STRICT_OBJC_MSGSEND = YES;
				ENABLE_TESTABILITY = YES;
				GCC_C_LANGUAGE_STANDARD = gnu99;
				GCC_DYNAMIC_NO_PIC = NO;
				GCC_NO_COMMON_BLOCKS = YES;
				GCC_OPTIMIZATION_LEVEL = 0;
				GCC_PREPROCESSOR_DEFINITIONS = (
					"DEBUG=1",
					"$(inherited)",
				);
				GCC_WARN_64_TO_32_BIT_CONVERSION = YES;
				GCC_WARN_ABOUT_RETURN_TYPE = YES_ERROR;
				GCC_WARN_UNDECLARED_SELECTOR = YES;
				GCC_WARN_UNINITIALIZED_AUTOS = YES_AGGRESSIVE;
				GCC_WARN_UNUSED_FUNCTION = YES;
				GCC_WARN_UNUSED_VARIABLE = YES;
				IPHONEOS_DEPLOYMENT_TARGET = 10.0;
				MTL_ENABLE_DEBUG_INFO = YES;
				ONLY_ACTIVE_ARCH = YES;
				SDKROOT = iphoneos;
			};
			name = Debug;
		};
		BFAF03731DB0CAA100281517 /* Release */ = {
			isa = XCBuildConfiguration;
			buildSettings = {
				ALWAYS_SEARCH_USER_PATHS = NO;
				CLANG_ANALYZER_NONNULL = YES;
				CLANG_CXX_LANGUAGE_STANDARD = "gnu++0x";
				CLANG_CXX_LIBRARY = "libc++";
				CLANG_ENABLE_MODULES = YES;
				CLANG_ENABLE_OBJC_ARC = YES;
				CLANG_WARN_BOOL_CONVERSION = YES;
				CLANG_WARN_CONSTANT_CONVERSION = YES;
				CLANG_WARN_DIRECT_OBJC_ISA_USAGE = YES_ERROR;
				CLANG_WARN_DOCUMENTATION_COMMENTS = YES;
				CLANG_WARN_EMPTY_BODY = YES;
				CLANG_WARN_ENUM_CONVERSION = YES;
				CLANG_WARN_INFINITE_RECURSION = YES;
				CLANG_WARN_INT_CONVERSION = YES;
				CLANG_WARN_OBJC_ROOT_CLASS = YES_ERROR;
				CLANG_WARN_SUSPICIOUS_MOVES = YES;
				CLANG_WARN_UNREACHABLE_CODE = YES;
				CLANG_WARN__DUPLICATE_METHOD_MATCH = YES;
				"CODE_SIGN_IDENTITY[sdk=iphoneos*]" = "iPhone Developer";
				COPY_PHASE_STRIP = NO;
				DEBUG_INFORMATION_FORMAT = "dwarf-with-dsym";
				ENABLE_NS_ASSERTIONS = NO;
				ENABLE_STRICT_OBJC_MSGSEND = YES;
				GCC_C_LANGUAGE_STANDARD = gnu99;
				GCC_NO_COMMON_BLOCKS = YES;
				GCC_WARN_64_TO_32_BIT_CONVERSION = YES;
				GCC_WARN_ABOUT_RETURN_TYPE = YES_ERROR;
				GCC_WARN_UNDECLARED_SELECTOR = YES;
				GCC_WARN_UNINITIALIZED_AUTOS = YES_AGGRESSIVE;
				GCC_WARN_UNUSED_FUNCTION = YES;
				GCC_WARN_UNUSED_VARIABLE = YES;
				IPHONEOS_DEPLOYMENT_TARGET = 10.0;
				MTL_ENABLE_DEBUG_INFO = NO;
				SDKROOT = iphoneos;
				VALIDATE_PRODUCT = YES;
			};
			name = Release;
		};
		BFAF03751DB0CAA100281517 /* Debug */ = {
			isa = XCBuildConfiguration;
			buildSettings = {
				DEVELOPMENT_TEAM = YS27375FC6;
				OTHER_LDFLAGS = "-ObjC";
				PRODUCT_NAME = "$(TARGET_NAME)";
				SKIP_INSTALL = YES;
			};
			name = Debug;
		};
		BFAF03761DB0CAA100281517 /* Release */ = {
			isa = XCBuildConfiguration;
			buildSettings = {
				DEVELOPMENT_TEAM = YS27375FC6;
				OTHER_LDFLAGS = "-ObjC";
				PRODUCT_NAME = "$(TARGET_NAME)";
				SKIP_INSTALL = YES;
			};
			name = Release;
		};
/* End XCBuildConfiguration section */

/* Begin XCConfigurationList section */
		BFAF03661DB0CAA100281517 /* Build configuration list for PBXProject "LFFJFCompenyInfo" */ = {
			isa = XCConfigurationList;
			buildConfigurations = (
				BFAF03721DB0CAA100281517 /* Debug */,
				BFAF03731DB0CAA100281517 /* Release */,
			);
			defaultConfigurationIsVisible = 0;
			defaultConfigurationName = Release;
		};
		BFAF03741DB0CAA100281517 /* Build configuration list for PBXNativeTarget "LFFJFCompenyInfo" */ = {
			isa = XCConfigurationList;
			buildConfigurations = (
				BFAF03751DB0CAA100281517 /* Debug */,
				BFAF03761DB0CAA100281517 /* Release */,
			);
			defaultConfigurationIsVisible = 0;
		};
/* End XCConfigurationList section */
	};
	rootObject = BFAF03631DB0CAA100281517 /* Project object */;
}
